
Microsoft Visual Studio Solution File, Format Version 12.00
# Visual Studio 15
VisualStudioVersion = 15.0.27428.2037
MinimumVisualStudioVersion = 10.0.40219.1
Project("{FAE04EC0-301F-11D3-BF4B-00C04F79EFBC}") = "FloatingHomeMobile.Android", "FloatingHomeMobile\FloatingHomeMobile.Android\FloatingHomeMobile.Android.csproj", "{1829399E-0D78-4DA8-8260-D704FD71BAE5}"
EndProject
Project("{9A19103F-16F7-4668-BE54-9A1E7A4F7556}") = "FloatingHomeMobile", "FloatingHomeMobile\FloatingHomeMobile\FloatingHomeMobile.csproj", "{853EB573-A242-4588-A1A8-6FD562849CCC}"
EndProject
Project("{9A19103F-16F7-4668-BE54-9A1E7A4F7556}") = "ConnectionLibrary", "..\ConnectionLibrary\ConnectionLibrary\ConnectionLibrary.csproj", "{937B7B37-9AAA-496A-9EE6-232DC9A6DEF9}"
EndProject
Global
	GlobalSection(SolutionConfigurationPlatforms) = preSolution
		Debug|Any CPU = Debug|Any CPU
		Release|Any CPU = Release|Any CPU
	EndGlobalSection
	GlobalSection(ProjectConfigurationPlatforms) = postSolution
		{1829399E-0D78-4DA8-8260-D704FD71BAE5}.Debug|Any CPU.ActiveCfg = Debug|Any CPU
		{1829399E-0D78-4DA8-8260-D704FD71BAE5}.Debug|Any CPU.Build.0 = Debug|Any CPU
		{1829399E-0D78-4DA8-8260-D704FD71BAE5}.Debug|Any CPU.Deploy.0 = Debug|Any CPU
		{1829399E-0D78-4DA8-8260-D704FD71BAE5}.Release|Any CPU.ActiveCfg = Release|Any CPU
		{1829399E-0D78-4DA8-8260-D704FD71BAE5}.Release|Any CPU.Build.0 = Release|Any CPU
		{1829399E-0D78-4DA8-8260-D704FD71BAE5}.Release|Any CPU.Deploy.0 = Release|Any CPU
		{853EB573-A242-4588-A1A8-6FD562849CCC}.Debug|Any CPU.ActiveCfg = Debug|Any CPU
		{853EB573-A242-4588-A1A8-6FD562849CCC}.Debug|Any CPU.Build.0 = Debug|Any CPU
		{853EB573-A242-4588-A1A8-6FD562849CCC}.Release|Any CPU.ActiveCfg = Release|Any CPU
		{853EB573-A242-4588-A1A8-6FD562849CCC}.Release|Any CPU.Build.0 = Release|Any CPU
		{937B7B37-9AAA-496A-9EE6-232DC9A6DEF9}.Debug|Any CPU.ActiveCfg = Debug|Any CPU
		{937B7B37-9AAA-496A-9EE6-232DC9A6DEF9}.Release|Any CPU.ActiveCfg = Release|Any CPU
		{937B7B37-9AAA-496A-9EE6-232DC9A6DEF9}.Release|Any CPU.Build.0 = Release|Any CPU
	EndGlobalSection
	GlobalSection(SolutionProperties) = preSolution
		HideSolutionNode = FALSE
	EndGlobalSection
	GlobalSection(ExtensibilityGlobals) = postSolution
		SolutionGuid = {89AD4C72-2F0E-425C-AED1-CF95484C2665}
	EndGlobalSection
EndGlobal
